
Microsoft Visual Studio Solution File, Format Version 12.00
# Visual Studio 2012
Project("{FAE04EC0-301F-11D3-BF4B-00C04F79EFBC}") = "WebApi4", "WebApi4\WebApi4.csproj", "{45107255-193E-4F9C-8165-51FAAA86FA8C}"
EndProject
Project("{FAE04EC0-301F-11D3-BF4B-00C04F79EFBC}") = "EmployeeDataAccess", "EmployeeDataAccess\EmployeeDataAccess.csproj", "{DF32B0A7-5F5D-456A-8264-86FDF3E01836}"
EndProject
Project("{FAE04EC0-301F-11D3-BF4B-00C04F79EFBC}") = "ClientApplication", "ClientApplication\ClientApplication.csproj", "{BC9A19AB-DC76-423F-BAAD-370927525263}"
EndProject
Global
	GlobalSection(SolutionConfigurationPlatforms) = preSolution
		Debug|Any CPU = Debug|Any CPU
		Release|Any CPU = Release|Any CPU
	EndGlobalSection
	GlobalSection(ProjectConfigurationPlatforms) = postSolution
		{45107255-193E-4F9C-8165-51FAAA86FA8C}.Debug|Any CPU.ActiveCfg = Debug|Any CPU
		{45107255-193E-4F9C-8165-51FAAA86FA8C}.Debug|Any CPU.Build.0 = Debug|Any CPU
		{45107255-193E-4F9C-8165-51FAAA86FA8C}.Release|Any CPU.ActiveCfg = Release|Any CPU
		{45107255-193E-4F9C-8165-51FAAA86FA8C}.Release|Any CPU.Build.0 = Release|Any CPU
		{DF32B0A7-5F5D-456A-8264-86FDF3E01836}.Debug|Any CPU.ActiveCfg = Debug|Any CPU
		{DF32B0A7-5F5D-456A-8264-86FDF3E01836}.Debug|Any CPU.Build.0 = Debug|Any CPU
		{DF32B0A7-5F5D-456A-8264-86FDF3E01836}.Release|Any CPU.ActiveCfg = Release|Any CPU
		{DF32B0A7-5F5D-456A-8264-86FDF3E01836}.Release|Any CPU.Build.0 = Release|Any CPU
		{BC9A19AB-DC76-423F-BAAD-370927525263}.Debug|Any CPU.ActiveCfg = Debug|Any CPU
		{BC9A19AB-DC76-423F-BAAD-370927525263}.Debug|Any CPU.Build.0 = Debug|Any CPU
		{BC9A19AB-DC76-423F-BAAD-370927525263}.Release|Any CPU.ActiveCfg = Release|Any CPU
		{BC9A19AB-DC76-423F-BAAD-370927525263}.Release|Any CPU.Build.0 = Release|Any CPU
	EndGlobalSection
	GlobalSection(SolutionProperties) = preSolution
		HideSolutionNode = FALSE
	EndGlobalSection
EndGlobal
